
Microsoft Visual Studio Solution File, Format Version 12.00
# Visual Studio Version 17
VisualStudioVersion = 17.6.33712.159
MinimumVisualStudioVersion = 10.0.40219.1
Project("{8BC9CEB8-8B4A-11D0-8D11-00A0C91BC942}") = "VasilevAC1", "VasilevAC1\VasilevAC1.vcxproj", "{122C52AD-D652-4B9C-8CE0-F7CB05D19DE8}"
EndProject
Global
	GlobalSection(SolutionConfigurationPlatforms) = preSolution
		Debug|x64 = Debug|x64
		Debug|x86 = Debug|x86
		Release|x64 = Release|x64
		Release|x86 = Release|x86
	EndGlobalSection
	GlobalSection(ProjectConfigurationPlatforms) = postSolution
		{122C52AD-D652-4B9C-8CE0-F7CB05D19DE8}.Debug|x64.ActiveCfg = Debug|x64
		{122C52AD-D652-4B9C-8CE0-F7CB05D19DE8}.Debug|x64.Build.0 = Debug|x64
		{122C52AD-D652-4B9C-8CE0-F7CB05D19DE8}.Debug|x86.ActiveCfg = Debug|Win32
		{122C52AD-D652-4B9C-8CE0-F7CB05D19DE8}.Debug|x86.Build.0 = Debug|Win32
		{122C52AD-D652-4B9C-8CE0-F7CB05D19DE8}.Release|x64.ActiveCfg = Release|x64
		{122C52AD-D652-4B9C-8CE0-F7CB05D19DE8}.Release|x64.Build.0 = Release|x64
		{122C52AD-D652-4B9C-8CE0-F7CB05D19DE8}.Release|x86.ActiveCfg = Release|Win32
		{122C52AD-D652-4B9C-8CE0-F7CB05D19DE8}.Release|x86.Build.0 = Release|Win32
	EndGlobalSection
	GlobalSection(SolutionProperties) = preSolution
		HideSolutionNode = FALSE
	EndGlobalSection
	GlobalSection(ExtensibilityGlobals) = postSolution
		SolutionGuid = {DA44B23A-C9AA-44EC-936E-7F40068FC8E0}
	EndGlobalSection
EndGlobal
